{
  "requires": true,
  "lockfileVersion": 1,
  "dependencies": {
    "angular": {
      "version": "1.7.6",
      "resolved": "https://registry.npmjs.org/angular/-/angular-1.7.6.tgz",
      "integrity": "sha512-QELpvuMIe1FTGniAkRz93O6A+di0yu88niDwcdzrSqtUHNtZMgtgFS4f7W/6Gugbuwej8Kyswlmymwdp8iPCWg=="
    },
    "angular-route": {
      "version": "1.5.11",
      "resolved": "https://registry.npmjs.org/angular-route/-/angular-route-1.5.11.tgz",
      "integrity": "sha1-SWFPOhZ/VCkeRJ/ougXTnFiSS4M="
    },
    "angular-youtube-api-factory": {
      "version": "0.6.2",
      "resolved": "https://registry.npmjs.org/angular-youtube-api-factory/-/angular-youtube-api-factory-0.6.2.tgz",
      "integrity": "sha1-uaQmOXo+Q2ib0TZ3BcgXkaVNDB8=",
      "requires": {
        "angular": "*"
      }
    }
  }
}
